lockfileVersion: '9.0'

settings:
  autoInstallPeers: true
  excludeLinksFromLockfile: false

importers:

  .:
    dependencies:
      redis:
        specifier: 6.2.0
        version: 6.2.0
      ws:
        specifier: 8.21.3
        version: 8.21.3

packages:

  '@redis/bloom@6.2.0':
    resolution: {integrity: sha512-ggQvzpeCKnybwUrEiMVVtE1Np4vWnRfpeAaIP2MdZiVw7PHOhJrF4cONVuLRn1TkMi6ehp2OPjTOMK+8XmiQSQ==}
    engines: {node: '>= 20.0.0'}
    peerDependencies:
      '@redis/client': ^6.2.0

  '@redis/client@6.2.0':
    resolution: {integrity: sha512-HHszna68MTBRiDZV3Wo2wANH7Z5v/nuh+ZyCAGBce0PS8tDcg1/yzZ1vqbKbUyTdz1wB54kqZxXrnPwpR8Ivdw==}
    engines: {node: '>= 20.0.0'}
    peerDependencies:
      '@node-rs/xxhash': ^1.1.0
      '@opentelemetry/api': '>=1 <2'
    peerDependenciesMeta:
      '@node-rs/xxhash':
        optional: true
      '@opentelemetry/api':
        optional: true

  '@redis/json@6.2.0':
    resolution: {integrity: sha512-oweO7PfHWYXkgVT88K+Fm3Wx98lKYKAEXaH162gVbw1kmBOBVQHxw0Yjh1p6BYBUIQMHqLyWwYe99eK7/hD1VQ==}
    engines: {node: '>= 20.0.0'}
    peerDependencies:
      '@redis/client': ^6.2.0

  '@redis/search@6.2.0':
    resolution: {integrity: sha512-chLEQfalFW3+uCPE99XoIOZhcQ3eF7S3fGxgiiaPf6MMrOZHEiTvgMnXR4xXZX0yDecyoWjGYlQQKTYag/ZExg==}
    engines: {node: '>= 20.0.0'}
    peerDependencies:
      '@redis/client': ^6.2.0

  '@redis/time-series@6.2.0':
    resolution: {integrity: sha512-/H/eE/lnhZLZYpHGpI+ZN7TePb7isEaub8b07oQcTDQptPslVKdUFwNhUm+hQHks781oh+F1Leiip1WHh4HfWw==}
    engines: {node: '>= 20.0.0'}
    peerDependencies:
      '@redis/client': ^6.2.0

  cluster-key-slot@1.1.2:
    resolution: {integrity: sha512-RMr0FhtfXemyinomL4hrWcYJxmX6deFdCxpJzhDttxgO1+bcCnkk+9drydLVDmAMG7NE6aN/fl4F7ucU/90gAA==}
    engines: {node: '>=0.10.0'}

  redis@6.2.0:
    resolution: {integrity: sha512-BShYVyT0Gx67CE80xry5XroSSv6Vxr60yKs0HRiBbUc7kHm+bY7gvSDBBgTjuiV/reWKeZWLyA1ebC5z359wRQ==}
    engines: {node: '>= 20.0.0'}

  ws@8.21.3:
    resolution: {integrity: sha512-201TZ/kPWxoPr/OKWjquZR1SWKXcvxdH+e1xrx89b3YbmzLMFCLfnaG1HFIgWzJOEWZ7MvpK++odZufgYR50Rw==}
    engines: {node: '>=10.0.0'}
    peerDependencies:
      bufferutil: ^4.0.1
      utf-8-validate: '>=5.0.2'
    peerDependenciesMeta:
      bufferutil:
        optional: true
      utf-8-validate:
        optional: true

snapshots:

  '@redis/bloom@6.2.0(@redis/client@6.2.0)':
    dependencies:
      '@redis/client': 6.2.0

  '@redis/client@6.2.0':
    dependencies:
      cluster-key-slot: 1.1.2

  '@redis/json@6.2.0(@redis/client@6.2.0)':
    dependencies:
      '@redis/client': 6.2.0

  '@redis/search@6.2.0(@redis/client@6.2.0)':
    dependencies:
      '@redis/client': 6.2.0

  '@redis/time-series@6.2.0(@redis/client@6.2.0)':
    dependencies:
      '@redis/client': 6.2.0

  cluster-key-slot@1.1.2: {}

  redis@6.2.0:
    dependencies:
      '@redis/bloom': 6.2.0(@redis/client@6.2.0)
      '@redis/client': 6.2.0
      '@redis/json': 6.2.0(@redis/client@6.2.0)
      '@redis/search': 6.2.0(@redis/client@6.2.0)
      '@redis/time-series': 6.2.0(@redis/client@6.2.0)
    transitivePeerDependencies:
      - '@node-rs/xxhash'
      - '@opentelemetry/api'

  ws@8.21.3: {}
